
Microsoft Visual Studio Solution File, Format Version 12.00
# Visual Studio Version 17
VisualStudioVersion = 17.7.34221.43
MinimumVisualStudioVersion = 10.0.40219.1
Project("{9A19103F-16F7-4668-BE54-9A1E7A4F7556}") = "StringCount", "StringCount.csproj", "{69D287E3-4DDA-4963-8262-390254A0BAA1}"
EndProject
Project("{FAE04EC0-301F-11D3-BF4B-00C04F79EFBC}") = "Patterns", "..\Patterns\Patterns.csproj", "{25DFB881-C6E3-4F32-A140-A26AEFB76140}"
EndProject
Global
	GlobalSection(SolutionConfigurationPlatforms) = preSolution
		Debug|Any CPU = Debug|Any CPU
		Release|Any CPU = Release|Any CPU
	EndGlobalSection
	GlobalSection(ProjectConfigurationPlatforms) = postSolution
		{69D287E3-4DDA-4963-8262-390254A0BAA1}.Debug|Any CPU.ActiveCfg = Debug|Any CPU
		{69D287E3-4DDA-4963-8262-390254A0BAA1}.Debug|Any CPU.Build.0 = Debug|Any CPU
		{69D287E3-4DDA-4963-8262-390254A0BAA1}.Release|Any CPU.ActiveCfg = Release|Any CPU
		{69D287E3-4DDA-4963-8262-390254A0BAA1}.Release|Any CPU.Build.0 = Release|Any CPU
		{25DFB881-C6E3-4F32-A140-A26AEFB76140}.Debug|Any CPU.ActiveCfg = Debug|Any CPU
		{25DFB881-C6E3-4F32-A140-A26AEFB76140}.Debug|Any CPU.Build.0 = Debug|Any CPU
		{25DFB881-C6E3-4F32-A140-A26AEFB76140}.Release|Any CPU.ActiveCfg = Release|Any CPU
		{25DFB881-C6E3-4F32-A140-A26AEFB76140}.Release|Any CPU.Build.0 = Release|Any CPU
	EndGlobalSection
	GlobalSection(SolutionProperties) = preSolution
		HideSolutionNode = FALSE
	EndGlobalSection
	GlobalSection(ExtensibilityGlobals) = postSolution
		SolutionGuid = {F6ED623E-8F3A-4C87-ABBA-B64A869F18EE}
	EndGlobalSection
EndGlobal
